
Microsoft Visual Studio Solution File, Format Version 12.00
# Visual Studio Version 17
VisualStudioVersion = 17.0.32112.339
MinimumVisualStudioVersion = 10.0.40219.1
Project("{FAE04EC0-301F-11D3-BF4B-00C04F79EFBC}") = "DesafioTelef2", "DesafioTelef2\DesafioTelef2.csproj", "{E2825BD5-19C2-4193-B36A-343E1681C4D1}"
EndProject
Global
	GlobalSection(SolutionConfigurationPlatforms) = preSolution
		Debug|Any CPU = Debug|Any CPU
		Release|Any CPU = Release|Any CPU
	EndGlobalSection
	GlobalSection(ProjectConfigurationPlatforms) = postSolution
		{E2825BD5-19C2-4193-B36A-343E1681C4D1}.Debug|Any CPU.ActiveCfg = Debug|Any CPU
		{E2825BD5-19C2-4193-B36A-343E1681C4D1}.Debug|Any CPU.Build.0 = Debug|Any CPU
		{E2825BD5-19C2-4193-B36A-343E1681C4D1}.Release|Any CPU.ActiveCfg = Release|Any CPU
		{E2825BD5-19C2-4193-B36A-343E1681C4D1}.Release|Any CPU.Build.0 = Release|Any CPU
	EndGlobalSection
	GlobalSection(SolutionProperties) = preSolution
		HideSolutionNode = FALSE
	EndGlobalSection
	GlobalSection(ExtensibilityGlobals) = postSolution
		SolutionGuid = {96EE86A7-86F4-4AE1-8F4A-9CA29369DB77}
	EndGlobalSection
EndGlobal
